
Microsoft Visual Studio Solution File, Format Version 12.00
# Visual Studio Version 17
Project("{8BC9CEB8-8B4A-11D0-8D11-00A0C91BC942}") = "ALL_BUILD", "ALL_BUILD.vcxproj", "{C3A19164-B5EA-3455-8F84-DA2579C8F392}"
	ProjectSection(ProjectDependencies) = postProject
		{716D9FFA-F65F-3DD9-BBC4-778DB38D3F2B} = {716D9FFA-F65F-3DD9-BBC4-778DB38D3F2B}
		{A98FC56B-9ECB-389F-8156-286AE2D31F7E} = {A98FC56B-9ECB-389F-8156-286AE2D31F7E}
	EndProjectSection
EndProject
Project("{8BC9CEB8-8B4A-11D0-8D11-00A0C91BC942}") = "Nastya", "Nastya.vcxproj", "{716D9FFA-F65F-3DD9-BBC4-778DB38D3F2B}"
	ProjectSection(ProjectDependencies) = postProject
		{A98FC56B-9ECB-389F-8156-286AE2D31F7E} = {A98FC56B-9ECB-389F-8156-286AE2D31F7E}
	EndProjectSection
EndProject
Project("{8BC9CEB8-8B4A-11D0-8D11-00A0C91BC942}") = "ZERO_CHECK", "ZERO_CHECK.vcxproj", "{A98FC56B-9ECB-389F-8156-286AE2D31F7E}"
	ProjectSection(ProjectDependencies) = postProject
	EndProjectSection
EndProject
Global
	GlobalSection(SolutionConfigurationPlatforms) = preSolution
		Debug|x64 = Debug|x64
		Release|x64 = Release|x64
		MinSizeRel|x64 = MinSizeRel|x64
		RelWithDebInfo|x64 = RelWithDebInfo|x64
	EndGlobalSection
	GlobalSection(ProjectConfigurationPlatforms) = postSolution
		{C3A19164-B5EA-3455-8F84-DA2579C8F392}.Debug|x64.ActiveCfg = Debug|x64
		{C3A19164-B5EA-3455-8F84-DA2579C8F392}.Release|x64.ActiveCfg = Release|x64
		{C3A19164-B5EA-3455-8F84-DA2579C8F392}.MinSizeRel|x64.ActiveCfg = MinSizeRel|x64
		{C3A19164-B5EA-3455-8F84-DA2579C8F392}.RelWithDebInfo|x64.ActiveCfg = RelWithDebInfo|x64
		{716D9FFA-F65F-3DD9-BBC4-778DB38D3F2B}.Debug|x64.ActiveCfg = Debug|x64
		{716D9FFA-F65F-3DD9-BBC4-778DB38D3F2B}.Debug|x64.Build.0 = Debug|x64
		{716D9FFA-F65F-3DD9-BBC4-778DB38D3F2B}.Release|x64.ActiveCfg = Release|x64
		{716D9FFA-F65F-3DD9-BBC4-778DB38D3F2B}.Release|x64.Build.0 = Release|x64
		{716D9FFA-F65F-3DD9-BBC4-778DB38D3F2B}.MinSizeRel|x64.ActiveCfg = MinSizeRel|x64
		{716D9FFA-F65F-3DD9-BBC4-778DB38D3F2B}.MinSizeRel|x64.Build.0 = MinSizeRel|x64
		{716D9FFA-F65F-3DD9-BBC4-778DB38D3F2B}.RelWithDebInfo|x64.ActiveCfg = RelWithDebInfo|x64
		{716D9FFA-F65F-3DD9-BBC4-778DB38D3F2B}.RelWithDebInfo|x64.Build.0 = RelWithDebInfo|x64
		{A98FC56B-9ECB-389F-8156-286AE2D31F7E}.Debug|x64.ActiveCfg = Debug|x64
		{A98FC56B-9ECB-389F-8156-286AE2D31F7E}.Debug|x64.Build.0 = Debug|x64
		{A98FC56B-9ECB-389F-8156-286AE2D31F7E}.Release|x64.ActiveCfg = Release|x64
		{A98FC56B-9ECB-389F-8156-286AE2D31F7E}.Release|x64.Build.0 = Release|x64
		{A98FC56B-9ECB-389F-8156-286AE2D31F7E}.MinSizeRel|x64.ActiveCfg = MinSizeRel|x64
		{A98FC56B-9ECB-389F-8156-286AE2D31F7E}.MinSizeRel|x64.Build.0 = MinSizeRel|x64
		{A98FC56B-9ECB-389F-8156-286AE2D31F7E}.RelWithDebInfo|x64.ActiveCfg = RelWithDebInfo|x64
		{A98FC56B-9ECB-389F-8156-286AE2D31F7E}.RelWithDebInfo|x64.Build.0 = RelWithDebInfo|x64
	EndGlobalSection
	GlobalSection(ExtensibilityGlobals) = postSolution
		SolutionGuid = {80F91994-249D-3194-A5FB-229BEADB69AE}
	EndGlobalSection
	GlobalSection(ExtensibilityAddIns) = postSolution
	EndGlobalSection
EndGlobal
